
Microsoft Visual Studio Solution File, Format Version 12.00
# Visual Studio Version 16
VisualStudioVersion = 16.0.30225.117
MinimumVisualStudioVersion = 10.0.40219.1
Project("{FAE04EC0-301F-11D3-BF4B-00C04F79EFBC}") = "Dask", "Dask\Dask.csproj", "{CC403377-6D23-4A31-83DC-400BC5892EC1}"
EndProject
Global
	GlobalSection(SolutionConfigurationPlatforms) = preSolution
		Debug|Any CPU = Debug|Any CPU
		Release|Any CPU = Release|Any CPU
	EndGlobalSection
	GlobalSection(ProjectConfigurationPlatforms) = postSolution
		{CC403377-6D23-4A31-83DC-400BC5892EC1}.Debug|Any CPU.ActiveCfg = Debug|Any CPU
		{CC403377-6D23-4A31-83DC-400BC5892EC1}.Debug|Any CPU.Build.0 = Debug|Any CPU
		{CC403377-6D23-4A31-83DC-400BC5892EC1}.Release|Any CPU.ActiveCfg = Release|Any CPU
		{CC403377-6D23-4A31-83DC-400BC5892EC1}.Release|Any CPU.Build.0 = Release|Any CPU
	EndGlobalSection
	GlobalSection(SolutionProperties) = preSolution
		HideSolutionNode = FALSE
	EndGlobalSection
	GlobalSection(ExtensibilityGlobals) = postSolution
		SolutionGuid = {B3CB6178-97FF-40B1-869F-E4D082C07BE0}
	EndGlobalSection
EndGlobal
